%{
  "bunt": {:hex, :bunt, "0.2.0", "951c6e801e8b1d2cbe58ebbd3e616a869061ddadcc4863d0a2182541acae9a38", [:mix], [], "hexpm"},
  "connection": {:hex, :connection, "1.0.4", "a1cae72211f0eef17705aaededacac3eb30e6625b04a6117c1b2db6ace7d5976", [:mix], [], "hexpm"},
  "credo": {:hex, :credo, "0.10.2", "03ad3a1eff79a16664ed42fc2975b5e5d0ce243d69318060c626c34720a49512", [:mix], [{:bunt, "~> 0.2.0", [hex: :bunt, repo: "hexpm", optional: false]}, {:jason, "~> 1.0", [hex: :jason, repo: "hexpm", optional: false]}], "hexpm"},
  "db_connection": {:hex, :db_connection, "2.0.2", "440c05518b0bdca0469dafaf45403597430448c1281def14ef9ccaa41833ea1e", [:mix], [{:connection, "~> 1.0.2", [hex: :connection, repo: "hexpm", optional: false]}], "hexpm"},
  "decimal": {:hex, :decimal, "1.5.0", "b0433a36d0e2430e3d50291b1c65f53c37d56f83665b43d79963684865beab68", [:mix], [], "hexpm"},
  "dialyxir": {:hex, :dialyxir, "1.0.0-rc.4", "71b42f5ee1b7628f3e3a6565f4617dfb02d127a0499ab3e72750455e986df001", [:mix], [{:erlex, "~> 0.1", [hex: :erlex, repo: "hexpm", optional: false]}], "hexpm"},
  "earmark": {:hex, :earmark, "1.2.6", "b6da42b3831458d3ecc57314dff3051b080b9b2be88c2e5aa41cd642a5b044ed", [:mix], [], "hexpm"},
  "ecto": {:hex, :ecto, "3.0.2", "9d06ece60e2fc9b7593e74ede23747424ef32390016baca85cea3f4b84081c52", [:mix], [{:decimal, "~> 1.5", [hex: :decimal, repo: "hexpm", optional: false]}, {:jason, "~> 1.0", [hex: :jason, repo: "hexpm", optional: true]}, {:poison, "~> 2.2 or ~> 3.0", [hex: :poison, repo: "hexpm", optional: true]}], "hexpm"},
  "erlex": {:hex, :erlex, "0.1.5", "fca8568751216266b343e182c9f494654e93c8adce3a0189c86ea45b632e8c55", [:mix], [], "hexpm"},
  "event_bus": {:hex, :event_bus, "1.6.0", "00a26d524f061dd142c170afd2084698fcf2c57c434da180ba0b507728d83dd9", [:mix], [], "hexpm"},
  "ex_doc": {:hex, :ex_doc, "0.19.1", "519bb9c19526ca51d326c060cb1778d4a9056b190086a8c6c115828eaccea6cf", [:mix], [{:earmark, "~> 1.1", [hex: :earmark, repo: "hexpm", optional: false]}, {:makeup_elixir, "~> 0.7", [hex: :makeup_elixir, repo: "hexpm", optional: false]}], "hexpm"},
  "gen_stage": {:hex, :gen_stage, "0.14.1", "9d46723fda072d4f4bb31a102560013f7960f5d80ea44dcb96fd6304ed61e7a4", [:mix], [], "hexpm"},
  "jason": {:hex, :jason, "1.1.2", "b03dedea67a99223a2eaf9f1264ce37154564de899fd3d8b9a21b1a6fd64afe7", [:mix], [{:decimal, "~> 1.0", [hex: :decimal, repo: "hexpm", optional: true]}], "hexpm"},
  "makeup": {:hex, :makeup, "0.5.4", "71fbff7079cf2a6371cae11f193233842300a895c8de9d97e09c39a5d77d1f0d", [:mix], [{:nimble_parsec, "~> 0.4", [hex: :nimble_parsec, repo: "hexpm", optional: false]}], "hexpm"},
  "makeup_elixir": {:hex, :makeup_elixir, "0.8.1", "54a4deadaa0c6b6d467362fea29ac002420b083eb2484d9e1aa13931dbc22b58", [:mix], [{:makeup, "~> 0.5.4", [hex: :makeup, repo: "hexpm", optional: false]}], "hexpm"},
  "nimble_parsec": {:hex, :nimble_parsec, "0.4.0", "ee261bb53214943679422be70f1658fff573c5d0b0a1ecd0f18738944f818efe", [:mix], [], "hexpm"},
  "poolboy": {:hex, :poolboy, "1.5.1", "6b46163901cfd0a1b43d692657ed9d7e599853b3b21b95ae5ae0a777cf9b6ca8", [:rebar], [], "hexpm"},
  "postgrex": {:hex, :postgrex, "0.14.0", "f3d6ffea1ca8a156e0633900a5338a3d17b00435227726baed8982718232b694", [:mix], [{:connection, "~> 1.0", [hex: :connection, repo: "hexpm", optional: false]}, {:db_connection, "~> 2.0", [hex: :db_connection, repo: "hexpm", optional: false]}, {:decimal, "~> 1.0", [hex: :decimal, repo: "hexpm", optional: false]}, {:jason, "~> 1.0", [hex: :jason, repo: "hexpm", optional: true]}], "hexpm"},
  "uuid": {:hex, :uuid, "1.1.8", "e22fc04499de0de3ed1116b770c7737779f226ceefa0badb3592e64d5cfb4eb9", [:mix], [], "hexpm"},
}
